{
  "name": "ReactNativeForm",
  "lockfileVersion": 2,
  "requires": true,
  "packages": {
    "": {
      "dependencies": {
        "create-react-native-app": "npm:null@*"
      }
    },
    "node_modules/create-react-native-app": {}
  },
  "dependencies": {
    "create-react-native-app": {}
  }
}
